
Microsoft Visual Studio Solution File, Format Version 12.00
# Visual Studio Version 17
VisualStudioVersion = 17.8.34322.80
MinimumVisualStudioVersion = 10.0.40219.1
Project("{2150E333-8FDC-42A3-9474-1A3956D46DE8}") = "Solution Items", "Solution Items", "{CF3B6002-1DA4-4C01-9F20-79BF8A300A50}"
	ProjectSection(SolutionItems) = preProject
		install.md = install.md
		PreRender.md = PreRender.md
		readme.md = readme.md
		RenderState.md = RenderState.md
		versions.md = versions.md
	EndProjectSection
EndProject
Project("{2150E333-8FDC-42A3-9474-1A3956D46DE8}") = "source", "source", "{28C94DCD-F3CD-422D-B72A-71625C794FA4}"
EndProject
Project("{2150E333-8FDC-42A3-9474-1A3956D46DE8}") = "Demo", "Demo", "{96C0E63B-D7EC-431C-9CA6-67F1F84EC1F3}"
EndProject
Project("{9A19103F-16F7-4668-BE54-9A1E7A4F7556}") = "Blazr.RenderState", "source\Blazr.RenderState\Blazr.RenderState.csproj", "{1D44C858-659E-4AF8-9092-535F67D7973E}"
EndProject
Project("{9A19103F-16F7-4668-BE54-9A1E7A4F7556}") = "Blazr.RenderState.Server", "source\Blazr.RenderState.Server\Blazr.RenderState.Server.csproj", "{D329C6B5-6C20-420D-8682-14DFAEC49A23}"
EndProject
Project("{9A19103F-16F7-4668-BE54-9A1E7A4F7556}") = "Blazr.RenderState.WASM", "source\Blazr.RenderState.WASM\Blazr.RenderState.WASM.csproj", "{4BBE4307-9B83-42CD-8F16-AC857F3B8C09}"
EndProject
Project("{9A19103F-16F7-4668-BE54-9A1E7A4F7556}") = "Blazr.RenderState.Demo", "demo\Blazr.RenderState.Demo\Blazr.RenderState.Demo.csproj", "{C8282C5D-B8E0-48A1-877C-5F91C3E37F9A}"
EndProject
Project("{FAE04EC0-301F-11D3-BF4B-00C04F79EFBC}") = "Blazr.PreRenderState.Demo", "demo\Blazr.PreRenderState.Demo\Blazr.PreRenderState.Demo.csproj", "{119FFAD3-6746-433E-9006-027B98144E5B}"
EndProject
Global
	GlobalSection(SolutionConfigurationPlatforms) = preSolution
		Debug|Any CPU = Debug|Any CPU
		Release|Any CPU = Release|Any CPU
	EndGlobalSection
	GlobalSection(ProjectConfigurationPlatforms) = postSolution
		{1D44C858-659E-4AF8-9092-535F67D7973E}.Debug|Any CPU.ActiveCfg = Debug|Any CPU
		{1D44C858-659E-4AF8-9092-535F67D7973E}.Debug|Any CPU.Build.0 = Debug|Any CPU
		{1D44C858-659E-4AF8-9092-535F67D7973E}.Release|Any CPU.ActiveCfg = Release|Any CPU
		{1D44C858-659E-4AF8-9092-535F67D7973E}.Release|Any CPU.Build.0 = Release|Any CPU
		{D329C6B5-6C20-420D-8682-14DFAEC49A23}.Debug|Any CPU.ActiveCfg = Debug|Any CPU
		{D329C6B5-6C20-420D-8682-14DFAEC49A23}.Debug|Any CPU.Build.0 = Debug|Any CPU
		{D329C6B5-6C20-420D-8682-14DFAEC49A23}.Release|Any CPU.ActiveCfg = Release|Any CPU
		{D329C6B5-6C20-420D-8682-14DFAEC49A23}.Release|Any CPU.Build.0 = Release|Any CPU
		{4BBE4307-9B83-42CD-8F16-AC857F3B8C09}.Debug|Any CPU.ActiveCfg = Debug|Any CPU
		{4BBE4307-9B83-42CD-8F16-AC857F3B8C09}.Debug|Any CPU.Build.0 = Debug|Any CPU
		{4BBE4307-9B83-42CD-8F16-AC857F3B8C09}.Release|Any CPU.ActiveCfg = Release|Any CPU
		{4BBE4307-9B83-42CD-8F16-AC857F3B8C09}.Release|Any CPU.Build.0 = Release|Any CPU
		{C8282C5D-B8E0-48A1-877C-5F91C3E37F9A}.Debug|Any CPU.ActiveCfg = Debug|Any CPU
		{C8282C5D-B8E0-48A1-877C-5F91C3E37F9A}.Debug|Any CPU.Build.0 = Debug|Any CPU
		{C8282C5D-B8E0-48A1-877C-5F91C3E37F9A}.Release|Any CPU.ActiveCfg = Release|Any CPU
		{C8282C5D-B8E0-48A1-877C-5F91C3E37F9A}.Release|Any CPU.Build.0 = Release|Any CPU
		{119FFAD3-6746-433E-9006-027B98144E5B}.Debug|Any CPU.ActiveCfg = Debug|Any CPU
		{119FFAD3-6746-433E-9006-027B98144E5B}.Debug|Any CPU.Build.0 = Debug|Any CPU
		{119FFAD3-6746-433E-9006-027B98144E5B}.Release|Any CPU.ActiveCfg = Release|Any CPU
		{119FFAD3-6746-433E-9006-027B98144E5B}.Release|Any CPU.Build.0 = Release|Any CPU
	EndGlobalSection
	GlobalSection(SolutionProperties) = preSolution
		HideSolutionNode = FALSE
	EndGlobalSection
	GlobalSection(NestedProjects) = preSolution
		{1D44C858-659E-4AF8-9092-535F67D7973E} = {28C94DCD-F3CD-422D-B72A-71625C794FA4}
		{D329C6B5-6C20-420D-8682-14DFAEC49A23} = {28C94DCD-F3CD-422D-B72A-71625C794FA4}
		{4BBE4307-9B83-42CD-8F16-AC857F3B8C09} = {28C94DCD-F3CD-422D-B72A-71625C794FA4}
		{C8282C5D-B8E0-48A1-877C-5F91C3E37F9A} = {96C0E63B-D7EC-431C-9CA6-67F1F84EC1F3}
		{119FFAD3-6746-433E-9006-027B98144E5B} = {96C0E63B-D7EC-431C-9CA6-67F1F84EC1F3}
	EndGlobalSection
	GlobalSection(ExtensibilityGlobals) = postSolution
		SolutionGuid = {F3A24D84-D9E2-4889-976A-A56BEA009DF7}
	EndGlobalSection
EndGlobal
